
Microsoft Visual Studio Solution File, Format Version 12.00
# Visual Studio Version 17
VisualStudioVersion = 17.1.32328.378
MinimumVisualStudioVersion = 10.0.40219.1
Project("{FAE04EC0-301F-11D3-BF4B-00C04F79EFBC}") = "TQA task", "TQA task\TQA task.csproj", "{7C0F067D-048B-4074-8223-4E418E13EE6E}"
EndProject
Global
	GlobalSection(SolutionConfigurationPlatforms) = preSolution
		Debug|Any CPU = Debug|Any CPU
		Release|Any CPU = Release|Any CPU
	EndGlobalSection
	GlobalSection(ProjectConfigurationPlatforms) = postSolution
		{7C0F067D-048B-4074-8223-4E418E13EE6E}.Debug|Any CPU.ActiveCfg = Debug|Any CPU
		{7C0F067D-048B-4074-8223-4E418E13EE6E}.Debug|Any CPU.Build.0 = Debug|Any CPU
		{7C0F067D-048B-4074-8223-4E418E13EE6E}.Release|Any CPU.ActiveCfg = Release|Any CPU
		{7C0F067D-048B-4074-8223-4E418E13EE6E}.Release|Any CPU.Build.0 = Release|Any CPU
	EndGlobalSection
	GlobalSection(SolutionProperties) = preSolution
		HideSolutionNode = FALSE
	EndGlobalSection
	GlobalSection(ExtensibilityGlobals) = postSolution
		SolutionGuid = {636AFC69-CF64-4300-9930-FB51D193D951}
	EndGlobalSection
EndGlobal
